{
  "originHash" : "122dd316f8099c1eb801571d08af42ebc6d70bc5e644c8a86de220b678703125",
  "pins" : [
    {
      "identity" : "shadergraphcoder",
      "kind" : "remoteSourceControl",
      "location" : "https://github.com/praeclarum/ShaderGraphCoder",
      "state" : {
        "revision" : "d53fdc36e3b598d278388acdbaaebbb0984abc93",
        "version" : "2.0.0"
      }
    }
  ],
  "version" : 3
}
